
Microsoft Visual Studio Solution File, Format Version 12.00
# Visual Studio Version 16
VisualStudioVersion = 16.0.30804.86
MinimumVisualStudioVersion = 10.0.40219.1
Project("{2150E333-8FDC-42A3-9474-1A3956D46DE8}") = "2 - Source", "2 - Source", "{A85FCC52-3362-4E95-864C-23643AC511DC}"
EndProject
Project("{9A19103F-16F7-4668-BE54-9A1E7A4F7556}") = "Application", "Application\Application.csproj", "{6A6A4B4F-6FE0-49D1-A868-387FE4B06B47}"
EndProject
Project("{2150E333-8FDC-42A3-9474-1A3956D46DE8}") = "1 - Console", "1 - Console", "{766EE0B0-BCEF-4614-AF64-6DDE57410ADF}"
EndProject
Project("{9A19103F-16F7-4668-BE54-9A1E7A4F7556}") = "ConsoleApp", "ConsoleApp\ConsoleApp.csproj", "{2C8BBFDB-1AD0-44B2-9028-B88463B5E305}"
EndProject
Project("{2150E333-8FDC-42A3-9474-1A3956D46DE8}") = "3 - Test", "3 - Test", "{A0417344-B879-499D-90A2-9FAF23B748E3}"
EndProject
Project("{FAE04EC0-301F-11D3-BF4B-00C04F79EFBC}") = "TesteValidateXUnit", "TesteValidateXUnit\TesteValidateXUnit.csproj", "{5DFC2DE7-F908-4B5B-A55C-7BBC78FF9F22}"
EndProject
Project("{FAE04EC0-301F-11D3-BF4B-00C04F79EFBC}") = "TesteServiceXUnit", "TesteServiceXUnit\TesteServiceXUnit.csproj", "{1163E36F-5D23-4BF6-876D-D718043685BC}"
EndProject
Global
	GlobalSection(SolutionConfigurationPlatforms) = preSolution
		Debug|Any CPU = Debug|Any CPU
		Release|Any CPU = Release|Any CPU
	EndGlobalSection
	GlobalSection(ProjectConfigurationPlatforms) = postSolution
		{6A6A4B4F-6FE0-49D1-A868-387FE4B06B47}.Debug|Any CPU.ActiveCfg = Debug|Any CPU
		{6A6A4B4F-6FE0-49D1-A868-387FE4B06B47}.Debug|Any CPU.Build.0 = Debug|Any CPU
		{6A6A4B4F-6FE0-49D1-A868-387FE4B06B47}.Release|Any CPU.ActiveCfg = Release|Any CPU
		{6A6A4B4F-6FE0-49D1-A868-387FE4B06B47}.Release|Any CPU.Build.0 = Release|Any CPU
		{2C8BBFDB-1AD0-44B2-9028-B88463B5E305}.Debug|Any CPU.ActiveCfg = Debug|Any CPU
		{2C8BBFDB-1AD0-44B2-9028-B88463B5E305}.Debug|Any CPU.Build.0 = Debug|Any CPU
		{2C8BBFDB-1AD0-44B2-9028-B88463B5E305}.Release|Any CPU.ActiveCfg = Release|Any CPU
		{2C8BBFDB-1AD0-44B2-9028-B88463B5E305}.Release|Any CPU.Build.0 = Release|Any CPU
		{5DFC2DE7-F908-4B5B-A55C-7BBC78FF9F22}.Debug|Any CPU.ActiveCfg = Debug|Any CPU
		{5DFC2DE7-F908-4B5B-A55C-7BBC78FF9F22}.Debug|Any CPU.Build.0 = Debug|Any CPU
		{5DFC2DE7-F908-4B5B-A55C-7BBC78FF9F22}.Release|Any CPU.ActiveCfg = Release|Any CPU
		{5DFC2DE7-F908-4B5B-A55C-7BBC78FF9F22}.Release|Any CPU.Build.0 = Release|Any CPU
		{1163E36F-5D23-4BF6-876D-D718043685BC}.Debug|Any CPU.ActiveCfg = Debug|Any CPU
		{1163E36F-5D23-4BF6-876D-D718043685BC}.Debug|Any CPU.Build.0 = Debug|Any CPU
		{1163E36F-5D23-4BF6-876D-D718043685BC}.Release|Any CPU.ActiveCfg = Release|Any CPU
		{1163E36F-5D23-4BF6-876D-D718043685BC}.Release|Any CPU.Build.0 = Release|Any CPU
	EndGlobalSection
	GlobalSection(SolutionProperties) = preSolution
		HideSolutionNode = FALSE
	EndGlobalSection
	GlobalSection(NestedProjects) = preSolution
		{6A6A4B4F-6FE0-49D1-A868-387FE4B06B47} = {A85FCC52-3362-4E95-864C-23643AC511DC}
		{2C8BBFDB-1AD0-44B2-9028-B88463B5E305} = {766EE0B0-BCEF-4614-AF64-6DDE57410ADF}
		{5DFC2DE7-F908-4B5B-A55C-7BBC78FF9F22} = {A0417344-B879-499D-90A2-9FAF23B748E3}
		{1163E36F-5D23-4BF6-876D-D718043685BC} = {A0417344-B879-499D-90A2-9FAF23B748E3}
	EndGlobalSection
	GlobalSection(ExtensibilityGlobals) = postSolution
		SolutionGuid = {68AC4F66-7A89-4A4D-84FA-7A1DAD74DE9E}
	EndGlobalSection
EndGlobal
